# THIS IS AN AUTOGENERATED FILE. DO NOT EDIT THIS FILE DIRECTLY.
# yarn lockfile v1


prettier@2.1.2:
  version "2.1.2"
  resolved "https://registry.yarnpkg.com/prettier/-/prettier-2.1.2.tgz#3050700dae2e4c8b67c4c3f666cdb8af405e1ce5"
  integrity sha512-16c7K+x4qVlJg9rEbXl7HEGmQyZlG4R9AgP+oHKRMsMsuk8s+ATStlf1NpDqyBI1HpVyfjLOeMhH2LvuNvV5Vg==

web-vitals@0.2.4:
  version "0.2.4"
  resolved "https://registry.yarnpkg.com/web-vitals/-/web-vitals-0.2.4.tgz#ec3df43c834a207fd7cdefd732b2987896e08511"
  integrity sha512-6BjspCO9VriYy12z356nL6JBS0GYeEcA457YyRzD+dD6XYCQ75NKhcOHUMHentOE7OcVCIXXDvOm0jKFfQG2Gg==
